PODS:
  - R.swift (6.1.0):
    - R.swift.Library (~> 5.3.0)
  - R.swift.Library (5.3.0)
  - SwiftEntryKit (2.0.0)

DEPENDENCIES:
  - R.swift (~> 6.1)
  - SwiftEntryKit (~> 2.0)

SPEC REPOS:
  trunk:
    - R.swift
    - R.swift.Library
    - SwiftEntryKit

SPEC CHECKSUMS:
  R.swift: ec98ff71c4ab2f6fd01dd077e5afd15e63a4834c
  R.swift.Library: 0fc583cb55a99e28901299cc451614cad1161962
  SwiftEntryKit: 61b5fa36f34a97dd8013e48a7345bc4c4720be9a

PODFILE CHECKSUM: 2eeec3bfa77b22f225e862cce8845ad2930ef563

COCOAPODS: 1.11.2
