{
  "pins" : [
    {
      "identity" : "action",
      "kind" : "remoteSourceControl",
      "location" : "https://github.com/RxSwiftCommunity/Action.git",
      "state" : {
        "branch" : "master",
        "revision" : "90259f7462a07e8f26bc8300ea16bcdf73ca7827"
      }
    },
    {
      "identity" : "alamofire",
      "kind" : "remoteSourceControl",
      "location" : "https://github.com/Alamofire/Alamofire.git",
      "state" : {
        "revision" : "bc268c28fb170f494de9e9927c371b8342979ece",
        "version" : "5.7.1"
      }
    },
    {
      "identity" : "atlantis",
      "kind" : "remoteSourceControl",
      "location" : "https://github.com/ProxymanApp/atlantis",
      "state" : {
        "revision" : "f6f7be1330bd4f847b6d52278acd88516eaac471",
        "version" : "1.21.1"
      }
    },
    {
      "identity" : "core",
      "kind" : "remoteSourceControl",
      "location" : "https://github.com/lamnguyen1112/core.git",
      "state" : {
        "branch" : "main",
        "revision" : "0973b997547b98a4a1e9bdc6d1d2559c427d5c91"
      }
    },
    {
      "identity" : "moya",
      "kind" : "remoteSourceControl",
      "location" : "https://github.com/Moya/Moya.git",
      "state" : {
        "revision" : "c263811c1f3dbf002be9bd83107f7cdc38992b26",
        "version" : "15.0.3"
      }
    },
    {
      "identity" : "nuke",
      "kind" : "remoteSourceControl",
      "location" : "https://github.com/kean/Nuke.git",
      "state" : {
        "revision" : "7f73ceaeacd5df75a7994cd82e165ad9ff1815db",
        "version" : "9.6.1"
      }
    },
    {
      "identity" : "objectmapper",
      "kind" : "remoteSourceControl",
      "location" : "https://github.com/tristanhimmelman/ObjectMapper.git",
      "state" : {
        "branch" : "master",
        "revision" : "a593b4d647a970b3d184d046f8f52b945083ccf9"
      }
    },
    {
      "identity" : "ohhttpstubs",
      "kind" : "remoteSourceControl",
      "location" : "https://github.com/AliSoftware/OHHTTPStubs.git",
      "state" : {
        "revision" : "12f19662426d0434d6c330c6974d53e2eb10ecd9",
        "version" : "9.1.0"
      }
    },
    {
      "identity" : "pluggableappdelegate",
      "kind" : "remoteSourceControl",
      "location" : "https://github.com/pchelnikov/PluggableAppDelegate",
      "state" : {
        "branch" : "master",
        "revision" : "ffd6cfcddc01e95273fe6ce85573012c96270d51"
      }
    },
    {
      "identity" : "reactiveswift",
      "kind" : "remoteSourceControl",
      "location" : "https://github.com/ReactiveCocoa/ReactiveSwift.git",
      "state" : {
        "revision" : "c43bae3dac73fdd3cb906bd5a1914686ca71ed3c",
        "version" : "6.7.0"
      }
    },
    {
      "identity" : "rxswift",
      "kind" : "remoteSourceControl",
      "location" : "https://github.com/ReactiveX/RxSwift.git",
      "state" : {
        "branch" : "main",
        "revision" : "2ff073fc1b9c600ac9b54734aff3348110437c19"
      }
    },
    {
      "identity" : "rxswiftext",
      "kind" : "remoteSourceControl",
      "location" : "https://github.com/RxSwiftCommunity/RxSwiftExt.git",
      "state" : {
        "branch" : "main",
        "revision" : "fd754f9c5e3a9da0f0b2b2f8a2d83a1e4ad9f281"
      }
    },
    {
      "identity" : "sidemenu",
      "kind" : "remoteSourceControl",
      "location" : "https://github.com/kukushi/SideMenu.git",
      "state" : {
        "revision" : "c168c143a1acb690ebb992406d9a03ce8791f47c",
        "version" : "2.0.9"
      }
    },
    {
      "identity" : "snapkit",
      "kind" : "remoteSourceControl",
      "location" : "https://github.com/SnapKit/SnapKit.git",
      "state" : {
        "revision" : "f222cbdf325885926566172f6f5f06af95473158",
        "version" : "5.6.0"
      }
    },
    {
      "identity" : "swiftentrykit",
      "kind" : "remoteSourceControl",
      "location" : "https://github.com/huri000/SwiftEntryKit.git",
      "state" : {
        "revision" : "5ad36cccf0c4b9fea32f4e9b17a8e38f07563ef0",
        "version" : "2.0.0"
      }
    },
    {
      "identity" : "xcoordinator",
      "kind" : "remoteSourceControl",
      "location" : "https://github.com/QuickBirdEng/XCoordinator",
      "state" : {
        "revision" : "00b066139ed0bf2f68549a7d87434ed36dfa6dea",
        "version" : "2.2.1"
      }
    }
  ],
  "version" : 2
}
