// !$*UTF8*$!
{
	archiveVersion = 1;
	classes = {
	};
	objectVersion = 55;
	objects = {

/* Begin PBXBuildFile section */
		DE1836C02812F45C002F8A35 /* AppDelegate.swift in Sources */ = {isa = PBXBuildFile; fileRef = DE1836BF2812F45C002F8A35 /* AppDelegate.swift */; };
		DE1836C92812F45D002F8A35 /* Assets.xcassets in Resources */ = {isa = PBXBuildFile; fileRef = DE1836C82812F45D002F8A35 /* Assets.xcassets */; };
		DE1836CC2812F45D002F8A35 /* LaunchScreen.storyboard in Resources */ = {isa = PBXBuildFile; fileRef = DE1836CA2812F45D002F8A35 /* LaunchScreen.storyboard */; };
		DE1836D72812F638002F8A35 /* Coordinator.swift in Sources */ = {isa = PBXBuildFile; fileRef = DE1836D62812F638002F8A35 /* Coordinator.swift */; };
		DE1836DA2812F6D1002F8A35 /* AppCoordinator.swift in Sources */ = {isa = PBXBuildFile; fileRef = DE1836D92812F6D1002F8A35 /* AppCoordinator.swift */; };
		DE1836DD2812FD37002F8A35 /* BaseViewController.swift in Sources */ = {isa = PBXBuildFile; fileRef = DE1836DC2812FD37002F8A35 /* BaseViewController.swift */; };
		DE1836E02812FFF6002F8A35 /* SelfSizingTableView.swift in Sources */ = {isa = PBXBuildFile; fileRef = DE1836DF2812FFF6002F8A35 /* SelfSizingTableView.swift */; };
		DE1836E228130054002F8A35 /* SelfSizingCollectionView.swift in Sources */ = {isa = PBXBuildFile; fileRef = DE1836E128130054002F8A35 /* SelfSizingCollectionView.swift */; };
		DE3CDC232836DC560071F4D4 /* Nuke in Frameworks */ = {isa = PBXBuildFile; productRef = DE3CDC222836DC560071F4D4 /* Nuke */; };
		DE43228D283856F100E469B2 /* UserDetailsViewController.swift in Sources */ = {isa = PBXBuildFile; fileRef = DE43228B283856F100E469B2 /* UserDetailsViewController.swift */; };
		DE43228E283856F100E469B2 /* UserDetailsViewController.xib in Resources */ = {isa = PBXBuildFile; fileRef = DE43228C283856F100E469B2 /* UserDetailsViewController.xib */; };
		DE4322902838570A00E469B2 /* UserDetailsViewModel.swift in Sources */ = {isa = PBXBuildFile; fileRef = DE43228F2838570A00E469B2 /* UserDetailsViewModel.swift */; };
		DE4322922838572000E469B2 /* UserDetailsCoordinator.swift in Sources */ = {isa = PBXBuildFile; fileRef = DE4322912838572000E469B2 /* UserDetailsCoordinator.swift */; };
		DE43229528385ABB00E469B2 /* Template+Ex.swift in Sources */ = {isa = PBXBuildFile; fileRef = DE43229428385ABB00E469B2 /* Template+Ex.swift */; };
		DE432299283A954900E469B2 /* MenuViewController.swift in Sources */ = {isa = PBXBuildFile; fileRef = DE432297283A954900E469B2 /* MenuViewController.swift */; };
		DE43229A283A954900E469B2 /* MenuViewController.xib in Resources */ = {isa = PBXBuildFile; fileRef = DE432298283A954900E469B2 /* MenuViewController.xib */; };
		DE43229C283A985200E469B2 /* MenuViewModel.swift in Sources */ = {isa = PBXBuildFile; fileRef = DE43229B283A985200E469B2 /* MenuViewModel.swift */; };
		DE51919C28199E5E00C5260A /* WatchListViewController.swift in Sources */ = {isa = PBXBuildFile; fileRef = DE51919A28199E5E00C5260A /* WatchListViewController.swift */; };
		DE51919D28199E5E00C5260A /* WatchListViewController.xib in Resources */ = {isa = PBXBuildFile; fileRef = DE51919B28199E5E00C5260A /* WatchListViewController.xib */; };
		DE51919F2819A0D600C5260A /* WatchListCoordinator.swift in Sources */ = {isa = PBXBuildFile; fileRef = DE51919E2819A0D600C5260A /* WatchListCoordinator.swift */; };
		DE5191A12819A21600C5260A /* ProfileCoordinator.swift in Sources */ = {isa = PBXBuildFile; fileRef = DE5191A02819A21600C5260A /* ProfileCoordinator.swift */; };
		DE5191A42819A2D600C5260A /* ProfileViewController.swift in Sources */ = {isa = PBXBuildFile; fileRef = DE5191A22819A2D600C5260A /* ProfileViewController.swift */; };
		DE5191A52819A2D600C5260A /* ProfileViewController.xib in Resources */ = {isa = PBXBuildFile; fileRef = DE5191A32819A2D600C5260A /* ProfileViewController.xib */; };
		DE5191A72819A4BB00C5260A /* WatchListViewModel.swift in Sources */ = {isa = PBXBuildFile; fileRef = DE5191A62819A4BB00C5260A /* WatchListViewModel.swift */; };
		DE5191A92819A54000C5260A /* ProfileViewModel.swift in Sources */ = {isa = PBXBuildFile; fileRef = DE5191A82819A54000C5260A /* ProfileViewModel.swift */; };
		DE5191AB2819AA3300C5260A /* Localizable.strings in Resources */ = {isa = PBXBuildFile; fileRef = DE5191AA2819AA3300C5260A /* Localizable.strings */; };
		DE755B182835811000210B9B /* ExampleService.swift in Sources */ = {isa = PBXBuildFile; fileRef = DE755B172835811000210B9B /* ExampleService.swift */; };
		DE755B1B283582FD00210B9B /* UserModel.swift in Sources */ = {isa = PBXBuildFile; fileRef = DE755B1A283582FD00210B9B /* UserModel.swift */; };
		DE755B1F28358D4E00210B9B /* ObjectMapper in Frameworks */ = {isa = PBXBuildFile; productRef = DE755B1E28358D4E00210B9B /* ObjectMapper */; };
		DE755B2528358D7100210B9B /* LICENSE in Resources */ = {isa = PBXBuildFile; fileRef = DE755B2128358D7100210B9B /* LICENSE */; };
		DE755B2628358D7100210B9B /* Response+ObjectMapper.swift in Sources */ = {isa = PBXBuildFile; fileRef = DE755B2328358D7100210B9B /* Response+ObjectMapper.swift */; };
		DE755B2728358D7100210B9B /* README.md in Resources */ = {isa = PBXBuildFile; fileRef = DE755B2428358D7100210B9B /* README.md */; };
		DE86479728266BA400A4096B /* ExampleTarget.swift in Sources */ = {isa = PBXBuildFile; fileRef = DE86479628266BA400A4096B /* ExampleTarget.swift */; };
		DE9D3DC8289192CD009DE4A7 /* PopupHelper.swift in Sources */ = {isa = PBXBuildFile; fileRef = DE9D3DC7289192CD009DE4A7 /* PopupHelper.swift */; };
		DEA467A3283BE0A70002ED52 /* CGFloat+Ex.swift in Sources */ = {isa = PBXBuildFile; fileRef = DEA467A2283BE0A70002ED52 /* CGFloat+Ex.swift */; };
		DEAE6BBB2813108000C2B793 /* LoginViewController.swift in Sources */ = {isa = PBXBuildFile; fileRef = DEAE6BB92813108000C2B793 /* LoginViewController.swift */; };
		DEAE6BBC2813108000C2B793 /* LoginViewController.xib in Resources */ = {isa = PBXBuildFile; fileRef = DEAE6BBA2813108000C2B793 /* LoginViewController.xib */; };
		DEAE6BBE281310B100C2B793 /* LoginCoordinator.swift in Sources */ = {isa = PBXBuildFile; fileRef = DEAE6BBD281310B100C2B793 /* LoginCoordinator.swift */; };
		DEAE6BC0281310E100C2B793 /* BaseViewModel.swift in Sources */ = {isa = PBXBuildFile; fileRef = DEAE6BBF281310E100C2B793 /* BaseViewModel.swift */; };
		DEAE6BC2281311ED00C2B793 /* MainCoordinator.swift in Sources */ = {isa = PBXBuildFile; fileRef = DEAE6BC1281311ED00C2B793 /* MainCoordinator.swift */; };
		DEB1B1AC2815366500699414 /* LoginViewModel.swift in Sources */ = {isa = PBXBuildFile; fileRef = DEB1B1AB2815366500699414 /* LoginViewModel.swift */; };
		DEB1B1B028153B7900699414 /* MainViewController.swift in Sources */ = {isa = PBXBuildFile; fileRef = DEB1B1AE28153B7900699414 /* MainViewController.swift */; };
		DEBCEA6A28340625006674AE /* UsersCoordinator.swift in Sources */ = {isa = PBXBuildFile; fileRef = DEBCEA6928340625006674AE /* UsersCoordinator.swift */; };
		DEBCEA6D2834063D006674AE /* UsersViewController.swift in Sources */ = {isa = PBXBuildFile; fileRef = DEBCEA6B2834063D006674AE /* UsersViewController.swift */; };
		DEBCEA6E2834063D006674AE /* UsersViewController.xib in Resources */ = {isa = PBXBuildFile; fileRef = DEBCEA6C2834063D006674AE /* UsersViewController.xib */; };
		DEBCEA7028340652006674AE /* UsersViewModel.swift in Sources */ = {isa = PBXBuildFile; fileRef = DEBCEA6F28340652006674AE /* UsersViewModel.swift */; };
		DEBCEA7428340BBC006674AE /* UsersItemViewCell.swift in Sources */ = {isa = PBXBuildFile; fileRef = DEBCEA7228340BBC006674AE /* UsersItemViewCell.swift */; };
		DEBCEA7528340BBC006674AE /* UsersItemViewCell.xib in Resources */ = {isa = PBXBuildFile; fileRef = DEBCEA7328340BBC006674AE /* UsersItemViewCell.xib */; };
		DED66C6B28329CA2003BDCAC /* OnboardCoordinator.swift in Sources */ = {isa = PBXBuildFile; fileRef = DED66C6A28329CA2003BDCAC /* OnboardCoordinator.swift */; };
		DED66C7128329CDF003BDCAC /* OnboardViewModel.swift in Sources */ = {isa = PBXBuildFile; fileRef = DED66C7028329CDF003BDCAC /* OnboardViewModel.swift */; };
		DED66C7428329D9A003BDCAC /* OnboardViewController.swift in Sources */ = {isa = PBXBuildFile; fileRef = DED66C7228329D9A003BDCAC /* OnboardViewController.swift */; };
		DED66C7528329D9A003BDCAC /* OnboardViewController.xib in Resources */ = {isa = PBXBuildFile; fileRef = DED66C7328329D9A003BDCAC /* OnboardViewController.xib */; };
		DED66C7B2832C3EB003BDCAC /* SignUpViewController.swift in Sources */ = {isa = PBXBuildFile; fileRef = DED66C792832C3EB003BDCAC /* SignUpViewController.swift */; };
		DED66C7C2832C3EB003BDCAC /* SignUpViewController.xib in Resources */ = {isa = PBXBuildFile; fileRef = DED66C7A2832C3EB003BDCAC /* SignUpViewController.xib */; };
		DED66C7E2832C406003BDCAC /* SignUpViewModel.swift in Sources */ = {isa = PBXBuildFile; fileRef = DED66C7D2832C406003BDCAC /* SignUpViewModel.swift */; };
		DED66C802832C41C003BDCAC /* SignUpCoordinator.swift in Sources */ = {isa = PBXBuildFile; fileRef = DED66C7F2832C41C003BDCAC /* SignUpCoordinator.swift */; };
		DED66C822832CDE4003BDCAC /* Colors.xcassets in Resources */ = {isa = PBXBuildFile; fileRef = DED66C812832CDE4003BDCAC /* Colors.xcassets */; };
		E0A5181A2A5EF3900065CC53 /* CoordinatorService.swift in Sources */ = {isa = PBXBuildFile; fileRef = E0A518192A5EF3900065CC53 /* CoordinatorService.swift */; };
		E0A5181D2A5EFF390065CC53 /* core in Frameworks */ = {isa = PBXBuildFile; productRef = E0A5181C2A5EFF390065CC53 /* core */; };
		E0A518262A5F065D0065CC53 /* OHHTTPStubs in Frameworks */ = {isa = PBXBuildFile; productRef = E0A518252A5F065D0065CC53 /* OHHTTPStubs */; };
		E0A518282A5F065D0065CC53 /* OHHTTPStubsSwift in Frameworks */ = {isa = PBXBuildFile; productRef = E0A518272A5F065D0065CC53 /* OHHTTPStubsSwift */; };
		E0A5182A2A5F06960065CC53 /* InterceptService.swift in Sources */ = {isa = PBXBuildFile; fileRef = E0A518292A5F06960065CC53 /* InterceptService.swift */; };
		E0A5182D2A5F07530065CC53 /* Atlantis in Frameworks */ = {isa = PBXBuildFile; productRef = E0A5182C2A5F07530065CC53 /* Atlantis */; };
		E0A518302A5F08290065CC53 /* SnapKit in Frameworks */ = {isa = PBXBuildFile; productRef = E0A5182F2A5F08290065CC53 /* SnapKit */; };
		E0A74E4C2A5E8C1300C91578 /* Assets+Generated.swift in Sources */ = {isa = PBXBuildFile; fileRef = E0A74E492A5E8C1300C91578 /* Assets+Generated.swift */; };
		E0A74E4D2A5E8C1300C91578 /* L10n+Generated.swift in Sources */ = {isa = PBXBuildFile; fileRef = E0A74E4A2A5E8C1300C91578 /* L10n+Generated.swift */; };
		E0A74E4E2A5E8C1300C91578 /* AppColors+Generated.swift in Sources */ = {isa = PBXBuildFile; fileRef = E0A74E4B2A5E8C1300C91578 /* AppColors+Generated.swift */; };
		E0A74E532A5E9E5700C91578 /* PluggableAppDelegate in Frameworks */ = {isa = PBXBuildFile; productRef = E0A74E522A5E9E5700C91578 /* PluggableAppDelegate */; };
		E0C5E5C02A5E646F002E1BE1 /* SwiftEntryKit in Frameworks */ = {isa = PBXBuildFile; productRef = E0C5E5BF2A5E646F002E1BE1 /* SwiftEntryKit */; };
		E0C5E5C32A5E64EC002E1BE1 /* CombineMoya in Frameworks */ = {isa = PBXBuildFile; productRef = E0C5E5C22A5E64EC002E1BE1 /* CombineMoya */; };
		E0C5E5C52A5E64EC002E1BE1 /* Moya in Frameworks */ = {isa = PBXBuildFile; productRef = E0C5E5C42A5E64EC002E1BE1 /* Moya */; };
		E0C5E5C82A5E655E002E1BE1 /* SideMenu in Frameworks */ = {isa = PBXBuildFile; productRef = E0C5E5C72A5E655E002E1BE1 /* SideMenu */; };
		E0CBFFB42A5F8E160095718A /* SecretKeys.swift in Sources */ = {isa = PBXBuildFile; fileRef = E0CBFFB32A5F8E160095718A /* SecretKeys.swift */; };
/* End PBXBuildFile section */

/* Begin PBXFileReference section */
		DE1836BC2812F45C002F8A35 /* Template.app */ = {isa = PBXFileReference; explicitFileType = wrapper.application; includeInIndex = 0; path = Template.app; sourceTree = BUILT_PRODUCTS_DIR; };
		DE1836BF2812F45C002F8A35 /* AppDelegate.swift */ = {isa = PBXFileReference; lastKnownFileType = sourcecode.swift; path = AppDelegate.swift; sourceTree = "<group>"; };
		DE1836C82812F45D002F8A35 /* Assets.xcassets */ = {isa = PBXFileReference; lastKnownFileType = folder.assetcatalog; path = Assets.xcassets; sourceTree = "<group>"; };
		DE1836CB2812F45D002F8A35 /* Base */ = {isa = PBXFileReference; lastKnownFileType = file.storyboard; name = Base; path = Base.lproj/LaunchScreen.storyboard; sourceTree = "<group>"; };
		DE1836CD2812F45D002F8A35 /* Info.plist */ = {isa = PBXFileReference; lastKnownFileType = text.plist.xml; path = Info.plist; sourceTree = "<group>"; };
		DE1836D62812F638002F8A35 /* Coordinator.swift */ = {isa = PBXFileReference; lastKnownFileType = sourcecode.swift; path = Coordinator.swift; sourceTree = "<group>"; };
		DE1836D92812F6D1002F8A35 /* AppCoordinator.swift */ = {isa = PBXFileReference; lastKnownFileType = sourcecode.swift; path = AppCoordinator.swift; sourceTree = "<group>"; };
		DE1836DC2812FD37002F8A35 /* BaseViewController.swift */ = {isa = PBXFileReference; lastKnownFileType = sourcecode.swift; path = BaseViewController.swift; sourceTree = "<group>"; };
		DE1836DF2812FFF6002F8A35 /* SelfSizingTableView.swift */ = {isa = PBXFileReference; lastKnownFileType = sourcecode.swift; path = SelfSizingTableView.swift; sourceTree = "<group>"; };
		DE1836E128130054002F8A35 /* SelfSizingCollectionView.swift */ = {isa = PBXFileReference; lastKnownFileType = sourcecode.swift; path = SelfSizingCollectionView.swift; sourceTree = "<group>"; };
		DE43228B283856F100E469B2 /* UserDetailsViewController.swift */ = {isa = PBXFileReference; lastKnownFileType = sourcecode.swift; path = UserDetailsViewController.swift; sourceTree = "<group>"; };
		DE43228C283856F100E469B2 /* UserDetailsViewController.xib */ = {isa = PBXFileReference; lastKnownFileType = file.xib; path = UserDetailsViewController.xib; sourceTree = "<group>"; };
		DE43228F2838570A00E469B2 /* UserDetailsViewModel.swift */ = {isa = PBXFileReference; lastKnownFileType = sourcecode.swift; path = UserDetailsViewModel.swift; sourceTree = "<group>"; };
		DE4322912838572000E469B2 /* UserDetailsCoordinator.swift */ = {isa = PBXFileReference; lastKnownFileType = sourcecode.swift; path = UserDetailsCoordinator.swift; sourceTree = "<group>"; };
		DE43229428385ABB00E469B2 /* Template+Ex.swift */ = {isa = PBXFileReference; lastKnownFileType = sourcecode.swift; path = "Template+Ex.swift"; sourceTree = "<group>"; };
		DE432297283A954900E469B2 /* MenuViewController.swift */ = {isa = PBXFileReference; lastKnownFileType = sourcecode.swift; path = MenuViewController.swift; sourceTree = "<group>"; };
		DE432298283A954900E469B2 /* MenuViewController.xib */ = {isa = PBXFileReference; lastKnownFileType = file.xib; path = MenuViewController.xib; sourceTree = "<group>"; };
		DE43229B283A985200E469B2 /* MenuViewModel.swift */ = {isa = PBXFileReference; lastKnownFileType = sourcecode.swift; path = MenuViewModel.swift; sourceTree = "<group>"; };
		DE51919A28199E5E00C5260A /* WatchListViewController.swift */ = {isa = PBXFileReference; lastKnownFileType = sourcecode.swift; path = WatchListViewController.swift; sourceTree = "<group>"; };
		DE51919B28199E5E00C5260A /* WatchListViewController.xib */ = {isa = PBXFileReference; lastKnownFileType = file.xib; path = WatchListViewController.xib; sourceTree = "<group>"; };
		DE51919E2819A0D600C5260A /* WatchListCoordinator.swift */ = {isa = PBXFileReference; lastKnownFileType = sourcecode.swift; path = WatchListCoordinator.swift; sourceTree = "<group>"; };
		DE5191A02819A21600C5260A /* ProfileCoordinator.swift */ = {isa = PBXFileReference; lastKnownFileType = sourcecode.swift; path = ProfileCoordinator.swift; sourceTree = "<group>"; };
		DE5191A22819A2D600C5260A /* ProfileViewController.swift */ = {isa = PBXFileReference; lastKnownFileType = sourcecode.swift; path = ProfileViewController.swift; sourceTree = "<group>"; };
		DE5191A32819A2D600C5260A /* ProfileViewController.xib */ = {isa = PBXFileReference; lastKnownFileType = file.xib; path = ProfileViewController.xib; sourceTree = "<group>"; };
		DE5191A62819A4BB00C5260A /* WatchListViewModel.swift */ = {isa = PBXFileReference; lastKnownFileType = sourcecode.swift; path = WatchListViewModel.swift; sourceTree = "<group>"; };
		DE5191A82819A54000C5260A /* ProfileViewModel.swift */ = {isa = PBXFileReference; lastKnownFileType = sourcecode.swift; path = ProfileViewModel.swift; sourceTree = "<group>"; };
		DE5191AA2819AA3300C5260A /* Localizable.strings */ = {isa = PBXFileReference; lastKnownFileType = text.plist.strings; path = Localizable.strings; sourceTree = "<group>"; };
		DE755B172835811000210B9B /* ExampleService.swift */ = {isa = PBXFileReference; lastKnownFileType = sourcecode.swift; path = ExampleService.swift; sourceTree = "<group>"; };
		DE755B1A283582FD00210B9B /* UserModel.swift */ = {isa = PBXFileReference; lastKnownFileType = sourcecode.swift; path = UserModel.swift; sourceTree = "<group>"; };
		DE755B2128358D7100210B9B /* LICENSE */ = {isa = PBXFileReference; fileEncoding = 4; lastKnownFileType = text; path = LICENSE; sourceTree = "<group>"; };
		DE755B2328358D7100210B9B /* Response+ObjectMapper.swift */ = {isa = PBXFileReference; fileEncoding = 4; lastKnownFileType = sourcecode.swift; path = "Response+ObjectMapper.swift"; sourceTree = "<group>"; };
		DE755B2428358D7100210B9B /* README.md */ = {isa = PBXFileReference; fileEncoding = 4; lastKnownFileType = net.daringfireball.markdown; path = README.md; sourceTree = "<group>"; };
		DE822B832816FBE3000DDF86 /* Develop.xcconfig */ = {isa = PBXFileReference; lastKnownFileType = text.xcconfig; path = Develop.xcconfig; sourceTree = "<group>"; };
		DE822B842816FBF7000DDF86 /* Staging.xcconfig */ = {isa = PBXFileReference; lastKnownFileType = text.xcconfig; path = Staging.xcconfig; sourceTree = "<group>"; };
		DE822B852816FC0A000DDF86 /* AppStore.xcconfig */ = {isa = PBXFileReference; lastKnownFileType = text.xcconfig; path = AppStore.xcconfig; sourceTree = "<group>"; };
		DE86479628266BA400A4096B /* ExampleTarget.swift */ = {isa = PBXFileReference; lastKnownFileType = sourcecode.swift; path = ExampleTarget.swift; sourceTree = "<group>"; };
		DE9D3DC7289192CD009DE4A7 /* PopupHelper.swift */ = {isa = PBXFileReference; lastKnownFileType = sourcecode.swift; path = PopupHelper.swift; sourceTree = "<group>"; };
		DEA467A2283BE0A70002ED52 /* CGFloat+Ex.swift */ = {isa = PBXFileReference; lastKnownFileType = sourcecode.swift; path = "CGFloat+Ex.swift"; sourceTree = "<group>"; };
		DEAE6BB92813108000C2B793 /* LoginViewController.swift */ = {isa = PBXFileReference; lastKnownFileType = sourcecode.swift; path = LoginViewController.swift; sourceTree = "<group>"; };
		DEAE6BBA2813108000C2B793 /* LoginViewController.xib */ = {isa = PBXFileReference; lastKnownFileType = file.xib; path = LoginViewController.xib; sourceTree = "<group>"; };
		DEAE6BBD281310B100C2B793 /* LoginCoordinator.swift */ = {isa = PBXFileReference; lastKnownFileType = sourcecode.swift; path = LoginCoordinator.swift; sourceTree = "<group>"; };
		DEAE6BBF281310E100C2B793 /* BaseViewModel.swift */ = {isa = PBXFileReference; lastKnownFileType = sourcecode.swift; path = BaseViewModel.swift; sourceTree = "<group>"; };
		DEAE6BC1281311ED00C2B793 /* MainCoordinator.swift */ = {isa = PBXFileReference; lastKnownFileType = sourcecode.swift; path = MainCoordinator.swift; sourceTree = "<group>"; };
		DEB1B1AB2815366500699414 /* LoginViewModel.swift */ = {isa = PBXFileReference; lastKnownFileType = sourcecode.swift; path = LoginViewModel.swift; sourceTree = "<group>"; };
		DEB1B1AE28153B7900699414 /* MainViewController.swift */ = {isa = PBXFileReference; lastKnownFileType = sourcecode.swift; path = MainViewController.swift; sourceTree = "<group>"; };
		DEBCEA6928340625006674AE /* UsersCoordinator.swift */ = {isa = PBXFileReference; lastKnownFileType = sourcecode.swift; path = UsersCoordinator.swift; sourceTree = "<group>"; };
		DEBCEA6B2834063D006674AE /* UsersViewController.swift */ = {isa = PBXFileReference; lastKnownFileType = sourcecode.swift; path = UsersViewController.swift; sourceTree = "<group>"; };
		DEBCEA6C2834063D006674AE /* UsersViewController.xib */ = {isa = PBXFileReference; lastKnownFileType = file.xib; path = UsersViewController.xib; sourceTree = "<group>"; };
		DEBCEA6F28340652006674AE /* UsersViewModel.swift */ = {isa = PBXFileReference; lastKnownFileType = sourcecode.swift; path = UsersViewModel.swift; sourceTree = "<group>"; };
		DEBCEA7228340BBC006674AE /* UsersItemViewCell.swift */ = {isa = PBXFileReference; lastKnownFileType = sourcecode.swift; path = UsersItemViewCell.swift; sourceTree = "<group>"; };
		DEBCEA7328340BBC006674AE /* UsersItemViewCell.xib */ = {isa = PBXFileReference; lastKnownFileType = file.xib; path = UsersItemViewCell.xib; sourceTree = "<group>"; };
		DED66C6A28329CA2003BDCAC /* OnboardCoordinator.swift */ = {isa = PBXFileReference; lastKnownFileType = sourcecode.swift; path = OnboardCoordinator.swift; sourceTree = "<group>"; };
		DED66C7028329CDF003BDCAC /* OnboardViewModel.swift */ = {isa = PBXFileReference; lastKnownFileType = sourcecode.swift; path = OnboardViewModel.swift; sourceTree = "<group>"; };
		DED66C7228329D9A003BDCAC /* OnboardViewController.swift */ = {isa = PBXFileReference; lastKnownFileType = sourcecode.swift; path = OnboardViewController.swift; sourceTree = "<group>"; };
		DED66C7328329D9A003BDCAC /* OnboardViewController.xib */ = {isa = PBXFileReference; lastKnownFileType = file.xib; path = OnboardViewController.xib; sourceTree = "<group>"; };
		DED66C792832C3EB003BDCAC /* SignUpViewController.swift */ = {isa = PBXFileReference; lastKnownFileType = sourcecode.swift; path = SignUpViewController.swift; sourceTree = "<group>"; };
		DED66C7A2832C3EB003BDCAC /* SignUpViewController.xib */ = {isa = PBXFileReference; lastKnownFileType = file.xib; path = SignUpViewController.xib; sourceTree = "<group>"; };
		DED66C7D2832C406003BDCAC /* SignUpViewModel.swift */ = {isa = PBXFileReference; lastKnownFileType = sourcecode.swift; path = SignUpViewModel.swift; sourceTree = "<group>"; };
		DED66C7F2832C41C003BDCAC /* SignUpCoordinator.swift */ = {isa = PBXFileReference; lastKnownFileType = sourcecode.swift; path = SignUpCoordinator.swift; sourceTree = "<group>"; };
		DED66C812832CDE4003BDCAC /* Colors.xcassets */ = {isa = PBXFileReference; lastKnownFileType = folder.assetcatalog; path = Colors.xcassets; sourceTree = "<group>"; };
		E0A518192A5EF3900065CC53 /* CoordinatorService.swift */ = {isa = PBXFileReference; lastKnownFileType = sourcecode.swift; path = CoordinatorService.swift; sourceTree = "<group>"; };
		E0A518292A5F06960065CC53 /* InterceptService.swift */ = {isa = PBXFileReference; lastKnownFileType = sourcecode.swift; path = InterceptService.swift; sourceTree = "<group>"; };
		E0A74E482A5E8BAA00C91578 /* Makefile */ = {isa = PBXFileReference; lastKnownFileType = text; path = Makefile; sourceTree = SOURCE_ROOT; };
		E0A74E492A5E8C1300C91578 /* Assets+Generated.swift */ = {isa = PBXFileReference; fileEncoding = 4; lastKnownFileType = sourcecode.swift; path = "Assets+Generated.swift"; sourceTree = "<group>"; };
		E0A74E4A2A5E8C1300C91578 /* L10n+Generated.swift */ = {isa = PBXFileReference; fileEncoding = 4; lastKnownFileType = sourcecode.swift; path = "L10n+Generated.swift"; sourceTree = "<group>"; };
		E0A74E4B2A5E8C1300C91578 /* AppColors+Generated.swift */ = {isa = PBXFileReference; fileEncoding = 4; lastKnownFileType = sourcecode.swift; path = "AppColors+Generated.swift"; sourceTree = "<group>"; };
		E0C5E5CB2A5E81E2002E1BE1 /* README.md */ = {isa = PBXFileReference; lastKnownFileType = net.daringfireball.markdown; path = README.md; sourceTree = SOURCE_ROOT; };
		E0C5E5CD2A5E81E2002E1BE1 /* swiftgen.yml */ = {isa = PBXFileReference; lastKnownFileType = text.yaml; path = swiftgen.yml; sourceTree = SOURCE_ROOT; };
		E0CBFFAB2A5F83370095718A /* sskeys.yml */ = {isa = PBXFileReference; lastKnownFileType = text.yaml; path = sskeys.yml; sourceTree = SOURCE_ROOT; };
		E0CBFFB32A5F8E160095718A /* SecretKeys.swift */ = {isa = PBXFileReference; fileEncoding = 4; lastKnownFileType = sourcecode.swift; path = SecretKeys.swift; sourceTree = "<group>"; };
		E0CBFFB52A5F8E9F0095718A /* project.swiftformat.yml */ = {isa = PBXFileReference; lastKnownFileType = text.yaml; path = project.swiftformat.yml; sourceTree = SOURCE_ROOT; };
/* End PBXFileReference section */

/* Begin PBXFrameworksBuildPhase section */
		DE1836B92812F45C002F8A35 /* Frameworks */ = {
			isa = PBXFrameworksBuildPhase;
			buildActionMask = 2147483647;
			files = (
				E0A518282A5F065D0065CC53 /* OHHTTPStubsSwift in Frameworks */,
				E0A518302A5F08290065CC53 /* SnapKit in Frameworks */,
				E0A5181D2A5EFF390065CC53 /* core in Frameworks */,
				E0C5E5C02A5E646F002E1BE1 /* SwiftEntryKit in Frameworks */,
				E0A5182D2A5F07530065CC53 /* Atlantis in Frameworks */,
				DE755B1F28358D4E00210B9B /* ObjectMapper in Frameworks */,
				E0A74E532A5E9E5700C91578 /* PluggableAppDelegate in Frameworks */,
				E0C5E5C52A5E64EC002E1BE1 /* Moya in Frameworks */,
				E0C5E5C82A5E655E002E1BE1 /* SideMenu in Frameworks */,
				E0A518262A5F065D0065CC53 /* OHHTTPStubs in Frameworks */,
				E0C5E5C32A5E64EC002E1BE1 /* CombineMoya in Frameworks */,
				DE3CDC232836DC560071F4D4 /* Nuke in Frameworks */,
			);
			runOnlyForDeploymentPostprocessing = 0;
		};
/* End PBXFrameworksBuildPhase section */

/* Begin PBXGroup section */
		DE1836B32812F45C002F8A35 = {
			isa = PBXGroup;
			children = (
				DE1836BE2812F45C002F8A35 /* Template */,
				DE1836E4281300D5002F8A35 /* Libraries */,
				DE1836BD2812F45C002F8A35 /* Products */,
			);
			sourceTree = "<group>";
		};
		DE1836BD2812F45C002F8A35 /* Products */ = {
			isa = PBXGroup;
			children = (
				DE1836BC2812F45C002F8A35 /* Template.app */,
			);
			name = Products;
			sourceTree = "<group>";
		};
		DE1836BE2812F45C002F8A35 /* Template */ = {
			isa = PBXGroup;
			children = (
				DE1836D42812F5FA002F8A35 /* App */,
				DE822B822816FB2E000DDF86 /* Configures */,
				E0C5E5CA2A5E81C9002E1BE1 /* Deployment */,
				DE1CC53228966F450093304C /* Domain */,
				DE1836D52812F609002F8A35 /* Modules */,
				DE43229328385A9500E469B2 /* Extension */,
				DE1836D82812F647002F8A35 /* Common */,
				DE1836DB2812FB74002F8A35 /* Resources */,
			);
			path = Template;
			sourceTree = "<group>";
		};
		DE1836D32812F5ED002F8A35 /* Base */ = {
			isa = PBXGroup;
			children = (
				DE1836D62812F638002F8A35 /* Coordinator.swift */,
				DE1836DC2812FD37002F8A35 /* BaseViewController.swift */,
				DEAE6BBF281310E100C2B793 /* BaseViewModel.swift */,
			);
			path = Base;
			sourceTree = "<group>";
		};
		DE1836D42812F5FA002F8A35 /* App */ = {
			isa = PBXGroup;
			children = (
				DE1836BF2812F45C002F8A35 /* AppDelegate.swift */,
				E0A518292A5F06960065CC53 /* InterceptService.swift */,
				E0A518192A5EF3900065CC53 /* CoordinatorService.swift */,
				DE1836D92812F6D1002F8A35 /* AppCoordinator.swift */,
			);
			path = App;
			sourceTree = "<group>";
		};
		DE1836D52812F609002F8A35 /* Modules */ = {
			isa = PBXGroup;
			children = (
				DED66C6928329B10003BDCAC /* Onboard */,
				DE1836E728130158002F8A35 /* Auth */,
				DE1836E628130153002F8A35 /* Main */,
				DE432296283A952100E469B2 /* Menu */,
				DE51919628199C2F00C5260A /* WatchList */,
				DEBCEA6828340600006674AE /* Users */,
				DE51919928199C5500C5260A /* Profile */,
			);
			path = Modules;
			sourceTree = "<group>";
		};
		DE1836D82812F647002F8A35 /* Common */ = {
			isa = PBXGroup;
			children = (
				E0CBFFB32A5F8E160095718A /* SecretKeys.swift */,
				E0A74E4B2A5E8C1300C91578 /* AppColors+Generated.swift */,
				E0A74E492A5E8C1300C91578 /* Assets+Generated.swift */,
				E0A74E4A2A5E8C1300C91578 /* L10n+Generated.swift */,
				DE1836D32812F5ED002F8A35 /* Base */,
				DEAE6BC52813156900C2B793 /* Extensions */,
				DE1836DE2812FDE4002F8A35 /* Utils */,
				DE1836E3281300AD002F8A35 /* Custom */,
			);
			path = Common;
			sourceTree = "<group>";
		};
		DE1836DB2812FB74002F8A35 /* Resources */ = {
			isa = PBXGroup;
			children = (
				DE5191AC2819AA3D00C5260A /* Localization */,
				DED66C812832CDE4003BDCAC /* Colors.xcassets */,
				DE1836C82812F45D002F8A35 /* Assets.xcassets */,
				DE1836CA2812F45D002F8A35 /* LaunchScreen.storyboard */,
				DE1836CD2812F45D002F8A35 /* Info.plist */,
			);
			path = Resources;
			sourceTree = "<group>";
		};
		DE1836DE2812FDE4002F8A35 /* Utils */ = {
			isa = PBXGroup;
			children = (
				DE9D3DC7289192CD009DE4A7 /* PopupHelper.swift */,
			);
			path = Utils;
			sourceTree = "<group>";
		};
		DE1836E3281300AD002F8A35 /* Custom */ = {
			isa = PBXGroup;
			children = (
				DE1836DF2812FFF6002F8A35 /* SelfSizingTableView.swift */,
				DE1836E128130054002F8A35 /* SelfSizingCollectionView.swift */,
			);
			path = Custom;
			sourceTree = "<group>";
		};
		DE1836E4281300D5002F8A35 /* Libraries */ = {
			isa = PBXGroup;
			children = (
				DE755B2028358D7100210B9B /* Moya-ObjectMapper */,
			);
			path = Libraries;
			sourceTree = "<group>";
		};
		DE1836E528130142002F8A35 /* Services */ = {
			isa = PBXGroup;
			children = (
				DE755B172835811000210B9B /* ExampleService.swift */,
				DE86479628266BA400A4096B /* ExampleTarget.swift */,
			);
			path = Services;
			sourceTree = "<group>";
		};
		DE1836E628130153002F8A35 /* Main */ = {
			isa = PBXGroup;
			children = (
				DEAE6BC1281311ED00C2B793 /* MainCoordinator.swift */,
				DEB1B1AE28153B7900699414 /* MainViewController.swift */,
			);
			path = Main;
			sourceTree = "<group>";
		};
		DE1836E728130158002F8A35 /* Auth */ = {
			isa = PBXGroup;
			children = (
				DEAE6BB828130EB500C2B793 /* Login */,
				DED66C782832C3B3003BDCAC /* SignUp */,
			);
			path = Auth;
			sourceTree = "<group>";
		};
		DE1CC53228966F450093304C /* Domain */ = {
			isa = PBXGroup;
			children = (
				DE1836E528130142002F8A35 /* Services */,
				DE755B19283582DF00210B9B /* Models */,
			);
			path = Domain;
			sourceTree = "<group>";
		};
		DE1CC53328966F920093304C /* User */ = {
			isa = PBXGroup;
			children = (
				DE755B1A283582FD00210B9B /* UserModel.swift */,
			);
			path = User;
			sourceTree = "<group>";
		};
		DE43228A2838569400E469B2 /* UserDetails */ = {
			isa = PBXGroup;
			children = (
				DE4322912838572000E469B2 /* UserDetailsCoordinator.swift */,
				DE43228F2838570A00E469B2 /* UserDetailsViewModel.swift */,
				DE43228B283856F100E469B2 /* UserDetailsViewController.swift */,
				DE43228C283856F100E469B2 /* UserDetailsViewController.xib */,
			);
			path = UserDetails;
			sourceTree = "<group>";
		};
		DE43229328385A9500E469B2 /* Extension */ = {
			isa = PBXGroup;
			children = (
				DE43229428385ABB00E469B2 /* Template+Ex.swift */,
			);
			path = Extension;
			sourceTree = "<group>";
		};
		DE432296283A952100E469B2 /* Menu */ = {
			isa = PBXGroup;
			children = (
				DE43229B283A985200E469B2 /* MenuViewModel.swift */,
				DE432297283A954900E469B2 /* MenuViewController.swift */,
				DE432298283A954900E469B2 /* MenuViewController.xib */,
			);
			path = Menu;
			sourceTree = "<group>";
		};
		DE51919628199C2F00C5260A /* WatchList */ = {
			isa = PBXGroup;
			children = (
				DE51919E2819A0D600C5260A /* WatchListCoordinator.swift */,
				DE5191A62819A4BB00C5260A /* WatchListViewModel.swift */,
				DE51919A28199E5E00C5260A /* WatchListViewController.swift */,
				DE51919B28199E5E00C5260A /* WatchListViewController.xib */,
			);
			path = WatchList;
			sourceTree = "<group>";
		};
		DE51919928199C5500C5260A /* Profile */ = {
			isa = PBXGroup;
			children = (
				DE5191A02819A21600C5260A /* ProfileCoordinator.swift */,
				DE5191A82819A54000C5260A /* ProfileViewModel.swift */,
				DE5191A22819A2D600C5260A /* ProfileViewController.swift */,
				DE5191A32819A2D600C5260A /* ProfileViewController.xib */,
			);
			path = Profile;
			sourceTree = "<group>";
		};
		DE5191AC2819AA3D00C5260A /* Localization */ = {
			isa = PBXGroup;
			children = (
				DE5191AA2819AA3300C5260A /* Localizable.strings */,
			);
			path = Localization;
			sourceTree = "<group>";
		};
		DE755B19283582DF00210B9B /* Models */ = {
			isa = PBXGroup;
			children = (
				DE1CC53328966F920093304C /* User */,
			);
			path = Models;
			sourceTree = "<group>";
		};
		DE755B2028358D7100210B9B /* Moya-ObjectMapper */ = {
			isa = PBXGroup;
			children = (
				DE755B2128358D7100210B9B /* LICENSE */,
				DE755B2228358D7100210B9B /* Source */,
				DE755B2428358D7100210B9B /* README.md */,
			);
			path = "Moya-ObjectMapper";
			sourceTree = "<group>";
		};
		DE755B2228358D7100210B9B /* Source */ = {
			isa = PBXGroup;
			children = (
				DE755B2328358D7100210B9B /* Response+ObjectMapper.swift */,
			);
			path = Source;
			sourceTree = "<group>";
		};
		DE822B822816FB2E000DDF86 /* Configures */ = {
			isa = PBXGroup;
			children = (
				DE822B832816FBE3000DDF86 /* Develop.xcconfig */,
				DE822B842816FBF7000DDF86 /* Staging.xcconfig */,
				DE822B852816FC0A000DDF86 /* AppStore.xcconfig */,
			);
			path = Configures;
			sourceTree = "<group>";
		};
		DEAE6BB828130EB500C2B793 /* Login */ = {
			isa = PBXGroup;
			children = (
				DEAE6BBD281310B100C2B793 /* LoginCoordinator.swift */,
				DEB1B1AB2815366500699414 /* LoginViewModel.swift */,
				DEAE6BB92813108000C2B793 /* LoginViewController.swift */,
				DEAE6BBA2813108000C2B793 /* LoginViewController.xib */,
			);
			path = Login;
			sourceTree = "<group>";
		};
		DEAE6BC52813156900C2B793 /* Extensions */ = {
			isa = PBXGroup;
			children = (
				DEA467A2283BE0A70002ED52 /* CGFloat+Ex.swift */,
			);
			path = Extensions;
			sourceTree = "<group>";
		};
		DEBCEA6828340600006674AE /* Users */ = {
			isa = PBXGroup;
			children = (
				DE43228A2838569400E469B2 /* UserDetails */,
				DEBCEA7128340ACE006674AE /* Cells */,
				DEBCEA6928340625006674AE /* UsersCoordinator.swift */,
				DEBCEA6F28340652006674AE /* UsersViewModel.swift */,
				DEBCEA6B2834063D006674AE /* UsersViewController.swift */,
				DEBCEA6C2834063D006674AE /* UsersViewController.xib */,
			);
			path = Users;
			sourceTree = "<group>";
		};
		DEBCEA7128340ACE006674AE /* Cells */ = {
			isa = PBXGroup;
			children = (
				DEBCEA7228340BBC006674AE /* UsersItemViewCell.swift */,
				DEBCEA7328340BBC006674AE /* UsersItemViewCell.xib */,
			);
			path = Cells;
			sourceTree = "<group>";
		};
		DED66C6928329B10003BDCAC /* Onboard */ = {
			isa = PBXGroup;
			children = (
				DED66C6A28329CA2003BDCAC /* OnboardCoordinator.swift */,
				DED66C7028329CDF003BDCAC /* OnboardViewModel.swift */,
				DED66C7228329D9A003BDCAC /* OnboardViewController.swift */,
				DED66C7328329D9A003BDCAC /* OnboardViewController.xib */,
			);
			path = Onboard;
			sourceTree = "<group>";
		};
		DED66C782832C3B3003BDCAC /* SignUp */ = {
			isa = PBXGroup;
			children = (
				DED66C7F2832C41C003BDCAC /* SignUpCoordinator.swift */,
				DED66C7D2832C406003BDCAC /* SignUpViewModel.swift */,
				DED66C792832C3EB003BDCAC /* SignUpViewController.swift */,
				DED66C7A2832C3EB003BDCAC /* SignUpViewController.xib */,
			);
			path = SignUp;
			sourceTree = "<group>";
		};
		E0C5E5CA2A5E81C9002E1BE1 /* Deployment */ = {
			isa = PBXGroup;
			children = (
				E0C5E5CB2A5E81E2002E1BE1 /* README.md */,
				E0C5E5CD2A5E81E2002E1BE1 /* swiftgen.yml */,
				E0CBFFAB2A5F83370095718A /* sskeys.yml */,
				E0CBFFB52A5F8E9F0095718A /* project.swiftformat.yml */,
				E0A74E482A5E8BAA00C91578 /* Makefile */,
			);
			name = Deployment;
			sourceTree = "<group>";
		};
/* End PBXGroup section */

/* Begin PBXNativeTarget section */
		DE1836BB2812F45C002F8A35 /* Template */ = {
			isa = PBXNativeTarget;
			buildConfigurationList = DE1836D02812F45D002F8A35 /* Build configuration list for PBXNativeTarget "Template" */;
			buildPhases = (
				DE1836B82812F45C002F8A35 /* Sources */,
				DE1836B92812F45C002F8A35 /* Frameworks */,
				DE1836BA2812F45C002F8A35 /* Resources */,
			);
			buildRules = (
			);
			dependencies = (
			);
			name = Template;
			packageProductDependencies = (
				DE755B1E28358D4E00210B9B /* ObjectMapper */,
				DE3CDC222836DC560071F4D4 /* Nuke */,
				E0C5E5BF2A5E646F002E1BE1 /* SwiftEntryKit */,
				E0C5E5C22A5E64EC002E1BE1 /* CombineMoya */,
				E0C5E5C42A5E64EC002E1BE1 /* Moya */,
				E0C5E5C72A5E655E002E1BE1 /* SideMenu */,
				E0A74E522A5E9E5700C91578 /* PluggableAppDelegate */,
				E0A5181C2A5EFF390065CC53 /* core */,
				E0A518252A5F065D0065CC53 /* OHHTTPStubs */,
				E0A518272A5F065D0065CC53 /* OHHTTPStubsSwift */,
				E0A5182C2A5F07530065CC53 /* Atlantis */,
				E0A5182F2A5F08290065CC53 /* SnapKit */,
			);
			productName = Template;
			productReference = DE1836BC2812F45C002F8A35 /* Template.app */;
			productType = "com.apple.product-type.application";
		};
/* End PBXNativeTarget section */

/* Begin PBXProject section */
		DE1836B42812F45C002F8A35 /* Project object */ = {
			isa = PBXProject;
			attributes = {
				BuildIndependentTargetsInParallel = 1;
				LastSwiftUpdateCheck = 1330;
				LastUpgradeCheck = 1330;
				TargetAttributes = {
					DE1836BB2812F45C002F8A35 = {
						CreatedOnToolsVersion = 13.3.1;
					};
				};
			};
			buildConfigurationList = DE1836B72812F45C002F8A35 /* Build configuration list for PBXProject "Template" */;
			compatibilityVersion = "Xcode 13.0";
			developmentRegion = en;
			hasScannedForEncodings = 0;
			knownRegions = (
				en,
				Base,
			);
			mainGroup = DE1836B32812F45C002F8A35;
			packageReferences = (
				DE755B1D28358D4E00210B9B /* XCRemoteSwiftPackageReference "ObjectMapper" */,
				DE3CDC212836DC560071F4D4 /* XCRemoteSwiftPackageReference "Nuke" */,
				E0C5E5BE2A5E646F002E1BE1 /* XCRemoteSwiftPackageReference "SwiftEntryKit" */,
				E0C5E5C12A5E64EC002E1BE1 /* XCRemoteSwiftPackageReference "Moya" */,
				E0C5E5C62A5E655E002E1BE1 /* XCRemoteSwiftPackageReference "SideMenu" */,
				E0A74E512A5E9E5700C91578 /* XCRemoteSwiftPackageReference "PluggableAppDelegate" */,
				E0A5181B2A5EFF390065CC53 /* XCRemoteSwiftPackageReference "core" */,
				E0A518242A5F065D0065CC53 /* XCRemoteSwiftPackageReference "OHHTTPStubs" */,
				E0A5182B2A5F07530065CC53 /* XCRemoteSwiftPackageReference "atlantis" */,
				E0A5182E2A5F08290065CC53 /* XCRemoteSwiftPackageReference "SnapKit" */,
				E0CBFFAC2A5F87040095718A /* XCRemoteSwiftPackageReference "SwiftLint" */,
			);
			productRefGroup = DE1836BD2812F45C002F8A35 /* Products */;
			projectDirPath = "";
			projectRoot = "";
			targets = (
				DE1836BB2812F45C002F8A35 /* Template */,
			);
		};
/* End PBXProject section */

/* Begin PBXResourcesBuildPhase section */
		DE1836BA2812F45C002F8A35 /* Resources */ = {
			isa = PBXResourcesBuildPhase;
			buildActionMask = 2147483647;
			files = (
				DED66C822832CDE4003BDCAC /* Colors.xcassets in Resources */,
				DE5191A52819A2D600C5260A /* ProfileViewController.xib in Resources */,
				DE5191AB2819AA3300C5260A /* Localizable.strings in Resources */,
				DE1836CC2812F45D002F8A35 /* LaunchScreen.storyboard in Resources */,
				DE755B2728358D7100210B9B /* README.md in Resources */,
				DE1836C92812F45D002F8A35 /* Assets.xcassets in Resources */,
				DE43228E283856F100E469B2 /* UserDetailsViewController.xib in Resources */,
				DE43229A283A954900E469B2 /* MenuViewController.xib in Resources */,
				DEBCEA6E2834063D006674AE /* UsersViewController.xib in Resources */,
				DE755B2528358D7100210B9B /* LICENSE in Resources */,
				DE51919D28199E5E00C5260A /* WatchListViewController.xib in Resources */,
				DED66C7528329D9A003BDCAC /* OnboardViewController.xib in Resources */,
				DEBCEA7528340BBC006674AE /* UsersItemViewCell.xib in Resources */,
				DED66C7C2832C3EB003BDCAC /* SignUpViewController.xib in Resources */,
				DEAE6BBC2813108000C2B793 /* LoginViewController.xib in Resources */,
			);
			runOnlyForDeploymentPostprocessing = 0;
		};
/* End PBXResourcesBuildPhase section */

/* Begin PBXSourcesBuildPhase section */
		DE1836B82812F45C002F8A35 /* Sources */ = {
			isa = PBXSourcesBuildPhase;
			buildActionMask = 2147483647;
			files = (
				DE86479728266BA400A4096B /* ExampleTarget.swift in Sources */,
				DEAE6BBB2813108000C2B793 /* LoginViewController.swift in Sources */,
				DE43229C283A985200E469B2 /* MenuViewModel.swift in Sources */,
				E0A74E4E2A5E8C1300C91578 /* AppColors+Generated.swift in Sources */,
				DE5191A12819A21600C5260A /* ProfileCoordinator.swift in Sources */,
				DE1836E02812FFF6002F8A35 /* SelfSizingTableView.swift in Sources */,
				DE9D3DC8289192CD009DE4A7 /* PopupHelper.swift in Sources */,
				DED66C7E2832C406003BDCAC /* SignUpViewModel.swift in Sources */,
				DE1836DA2812F6D1002F8A35 /* AppCoordinator.swift in Sources */,
				DE1836E228130054002F8A35 /* SelfSizingCollectionView.swift in Sources */,
				DE1836DD2812FD37002F8A35 /* BaseViewController.swift in Sources */,
				DED66C6B28329CA2003BDCAC /* OnboardCoordinator.swift in Sources */,
				DE4322922838572000E469B2 /* UserDetailsCoordinator.swift in Sources */,
				DE51919C28199E5E00C5260A /* WatchListViewController.swift in Sources */,
				DEBCEA6D2834063D006674AE /* UsersViewController.swift in Sources */,
				DEB1B1B028153B7900699414 /* MainViewController.swift in Sources */,
				DEBCEA7028340652006674AE /* UsersViewModel.swift in Sources */,
				DED66C7128329CDF003BDCAC /* OnboardViewModel.swift in Sources */,
				DE755B182835811000210B9B /* ExampleService.swift in Sources */,
				E0CBFFB42A5F8E160095718A /* SecretKeys.swift in Sources */,
				DE5191A72819A4BB00C5260A /* WatchListViewModel.swift in Sources */,
				DEAE6BC0281310E100C2B793 /* BaseViewModel.swift in Sources */,
				DE43229528385ABB00E469B2 /* Template+Ex.swift in Sources */,
				DEB1B1AC2815366500699414 /* LoginViewModel.swift in Sources */,
				DE755B1B283582FD00210B9B /* UserModel.swift in Sources */,
				DE432299283A954900E469B2 /* MenuViewController.swift in Sources */,
				DEBCEA7428340BBC006674AE /* UsersItemViewCell.swift in Sources */,
				E0A74E4C2A5E8C1300C91578 /* Assets+Generated.swift in Sources */,
				DE43228D283856F100E469B2 /* UserDetailsViewController.swift in Sources */,
				E0A74E4D2A5E8C1300C91578 /* L10n+Generated.swift in Sources */,
				E0A5181A2A5EF3900065CC53 /* CoordinatorService.swift in Sources */,
				DED66C7428329D9A003BDCAC /* OnboardViewController.swift in Sources */,
				DE1836C02812F45C002F8A35 /* AppDelegate.swift in Sources */,
				DE5191A92819A54000C5260A /* ProfileViewModel.swift in Sources */,
				DEAE6BC2281311ED00C2B793 /* MainCoordinator.swift in Sources */,
				DE4322902838570A00E469B2 /* UserDetailsViewModel.swift in Sources */,
				DE51919F2819A0D600C5260A /* WatchListCoordinator.swift in Sources */,
				DE755B2628358D7100210B9B /* Response+ObjectMapper.swift in Sources */,
				DEA467A3283BE0A70002ED52 /* CGFloat+Ex.swift in Sources */,
				DEAE6BBE281310B100C2B793 /* LoginCoordinator.swift in Sources */,
				DED66C7B2832C3EB003BDCAC /* SignUpViewController.swift in Sources */,
				DE1836D72812F638002F8A35 /* Coordinator.swift in Sources */,
				DEBCEA6A28340625006674AE /* UsersCoordinator.swift in Sources */,
				DED66C802832C41C003BDCAC /* SignUpCoordinator.swift in Sources */,
				E0A5182A2A5F06960065CC53 /* InterceptService.swift in Sources */,
				DE5191A42819A2D600C5260A /* ProfileViewController.swift in Sources */,
			);
			runOnlyForDeploymentPostprocessing = 0;
		};
/* End PBXSourcesBuildPhase section */

/* Begin PBXVariantGroup section */
		DE1836CA2812F45D002F8A35 /* LaunchScreen.storyboard */ = {
			isa = PBXVariantGroup;
			children = (
				DE1836CB2812F45D002F8A35 /* Base */,
			);
			name = LaunchScreen.storyboard;
			sourceTree = "<group>";
		};
/* End PBXVariantGroup section */

/* Begin XCBuildConfiguration section */
		DE822B492816F158000DDF86 /* AppStore */ = {
			isa = XCBuildConfiguration;
			baseConfigurationReference = DE822B852816FC0A000DDF86 /* AppStore.xcconfig */;
			buildSettings = {
				ALWAYS_SEARCH_USER_PATHS = NO;
				CLANG_ANALYZER_NONNULL = YES;
				CLANG_ANALYZER_NUMBER_OBJECT_CONVERSION = YES_AGGRESSIVE;
				CLANG_CXX_LANGUAGE_STANDARD = "gnu++17";
				CLANG_ENABLE_MODULES = YES;
				CLANG_ENABLE_OBJC_ARC = YES;
				CLANG_ENABLE_OBJC_WEAK = YES;
				CLANG_WARN_BLOCK_CAPTURE_AUTORELEASING = YES;
				CLANG_WARN_BOOL_CONVERSION = YES;
				CLANG_WARN_COMMA = YES;
				CLANG_WARN_CONSTANT_CONVERSION = YES;
				CLANG_WARN_DEPRECATED_OBJC_IMPLEMENTATIONS = YES;
				CLANG_WARN_DIRECT_OBJC_ISA_USAGE = YES_ERROR;
				CLANG_WARN_DOCUMENTATION_COMMENTS = YES;
				CLANG_WARN_EMPTY_BODY = YES;
				CLANG_WARN_ENUM_CONVERSION = YES;
				CLANG_WARN_INFINITE_RECURSION = YES;
				CLANG_WARN_INT_CONVERSION = YES;
				CLANG_WARN_NON_LITERAL_NULL_CONVERSION = YES;
				CLANG_WARN_OBJC_IMPLICIT_RETAIN_SELF = YES;
				CLANG_WARN_OBJC_LITERAL_CONVERSION = YES;
				CLANG_WARN_OBJC_ROOT_CLASS = YES_ERROR;
				CLANG_WARN_QUOTED_INCLUDE_IN_FRAMEWORK_HEADER = YES;
				CLANG_WARN_RANGE_LOOP_ANALYSIS = YES;
				CLANG_WARN_STRICT_PROTOTYPES = YES;
				CLANG_WARN_SUSPICIOUS_MOVE = YES;
				CLANG_WARN_UNGUARDED_AVAILABILITY = YES_AGGRESSIVE;
				CLANG_WARN_UNREACHABLE_CODE = YES;
				CLANG_WARN__DUPLICATE_METHOD_MATCH = YES;
				COPY_PHASE_STRIP = NO;
				DEBUG_INFORMATION_FORMAT = "dwarf-with-dsym";
				ENABLE_NS_ASSERTIONS = NO;
				ENABLE_STRICT_OBJC_MSGSEND = YES;
				GCC_C_LANGUAGE_STANDARD = gnu11;
				GCC_NO_COMMON_BLOCKS = YES;
				GCC_PREPROCESSOR_DEFINITIONS = "APPSTORE=1";
				GCC_WARN_64_TO_32_BIT_CONVERSION = YES;
				GCC_WARN_ABOUT_RETURN_TYPE = YES_ERROR;
				GCC_WARN_UNDECLARED_SELECTOR = YES;
				GCC_WARN_UNINITIALIZED_AUTOS = YES_AGGRESSIVE;
				GCC_WARN_UNUSED_FUNCTION = YES;
				GCC_WARN_UNUSED_VARIABLE = YES;
				IPHONEOS_DEPLOYMENT_TARGET = 13.0;
				MTL_ENABLE_DEBUG_INFO = NO;
				MTL_FAST_MATH = YES;
				SDKROOT = iphoneos;
				SWIFT_COMPILATION_MODE = wholemodule;
				SWIFT_OPTIMIZATION_LEVEL = "-O";
				VALIDATE_PRODUCT = YES;
			};
			name = AppStore;
		};
		DE822B4A2816F158000DDF86 /* AppStore */ = {
			isa = XCBuildConfiguration;
			buildSettings = {
				ASSETCATALOG_COMPILER_APPICON_NAME = AppIcon;
				ASSETCATALOG_COMPILER_GLOBAL_ACCENT_COLOR_NAME = AccentColor;
				CODE_SIGN_STYLE = Automatic;
				CURRENT_PROJECT_VERSION = 1;
				DEVELOPMENT_TEAM = 5NDD3U2V39;
				GENERATE_INFOPLIST_FILE = YES;
				INFOPLIST_FILE = Template/Info.plist;
				INFOPLIST_KEY_UIApplicationSupportsIndirectInputEvents = YES;
				INFOPLIST_KEY_UILaunchStoryboardName = LaunchScreen;
				INFOPLIST_KEY_UISupportedInterfaceOrientations_iPad = "UIInterfaceOrientationPortrait UIInterfaceOrientationPortraitUpsideDown UIInterfaceOrientationLandscapeLeft UIInterfaceOrientationLandscapeRight";
				INFOPLIST_KEY_UISupportedInterfaceOrientations_iPhone = "UIInterfaceOrientationPortrait UIInterfaceOrientationLandscapeLeft UIInterfaceOrientationLandscapeRight";
				IPHONEOS_DEPLOYMENT_TARGET = 14.0;
				LD_RUNPATH_SEARCH_PATHS = (
					"$(inherited)",
					"@executable_path/Frameworks",
				);
				MARKETING_VERSION = 1.0;
				PRODUCT_BUNDLE_IDENTIFIER = xyz.example.Template;
				PRODUCT_NAME = "$(TARGET_NAME)";
				SUPPORTED_PLATFORMS = "iphoneos iphonesimulator";
				SUPPORTS_MACCATALYST = NO;
				SUPPORTS_MAC_DESIGNED_FOR_IPHONE_IPAD = NO;
				SWIFT_ACTIVE_COMPILATION_CONDITIONS = "";
				SWIFT_EMIT_LOC_STRINGS = YES;
				SWIFT_VERSION = 5.0;
				TARGETED_DEVICE_FAMILY = 1;
			};
			name = AppStore;
		};
		DE822B4B2816F174000DDF86 /* Staging */ = {
			isa = XCBuildConfiguration;
			baseConfigurationReference = DE822B842816FBF7000DDF86 /* Staging.xcconfig */;
			buildSettings = {
				ALWAYS_SEARCH_USER_PATHS = NO;
				CLANG_ANALYZER_NONNULL = YES;
				CLANG_ANALYZER_NUMBER_OBJECT_CONVERSION = YES_AGGRESSIVE;
				CLANG_CXX_LANGUAGE_STANDARD = "gnu++17";
				CLANG_ENABLE_MODULES = YES;
				CLANG_ENABLE_OBJC_ARC = YES;
				CLANG_ENABLE_OBJC_WEAK = YES;
				CLANG_WARN_BLOCK_CAPTURE_AUTORELEASING = YES;
				CLANG_WARN_BOOL_CONVERSION = YES;
				CLANG_WARN_COMMA = YES;
				CLANG_WARN_CONSTANT_CONVERSION = YES;
				CLANG_WARN_DEPRECATED_OBJC_IMPLEMENTATIONS = YES;
				CLANG_WARN_DIRECT_OBJC_ISA_USAGE = YES_ERROR;
				CLANG_WARN_DOCUMENTATION_COMMENTS = YES;
				CLANG_WARN_EMPTY_BODY = YES;
				CLANG_WARN_ENUM_CONVERSION = YES;
				CLANG_WARN_INFINITE_RECURSION = YES;
				CLANG_WARN_INT_CONVERSION = YES;
				CLANG_WARN_NON_LITERAL_NULL_CONVERSION = YES;
				CLANG_WARN_OBJC_IMPLICIT_RETAIN_SELF = YES;
				CLANG_WARN_OBJC_LITERAL_CONVERSION = YES;
				CLANG_WARN_OBJC_ROOT_CLASS = YES_ERROR;
				CLANG_WARN_QUOTED_INCLUDE_IN_FRAMEWORK_HEADER = YES;
				CLANG_WARN_RANGE_LOOP_ANALYSIS = YES;
				CLANG_WARN_STRICT_PROTOTYPES = YES;
				CLANG_WARN_SUSPICIOUS_MOVE = YES;
				CLANG_WARN_UNGUARDED_AVAILABILITY = YES_AGGRESSIVE;
				CLANG_WARN_UNREACHABLE_CODE = YES;
				CLANG_WARN__DUPLICATE_METHOD_MATCH = YES;
				COPY_PHASE_STRIP = NO;
				DEBUG_INFORMATION_FORMAT = "dwarf-with-dsym";
				ENABLE_NS_ASSERTIONS = NO;
				ENABLE_STRICT_OBJC_MSGSEND = YES;
				GCC_C_LANGUAGE_STANDARD = gnu11;
				GCC_NO_COMMON_BLOCKS = YES;
				GCC_PREPROCESSOR_DEFINITIONS = "DEBUG=1";
				GCC_WARN_64_TO_32_BIT_CONVERSION = YES;
				GCC_WARN_ABOUT_RETURN_TYPE = YES_ERROR;
				GCC_WARN_UNDECLARED_SELECTOR = YES;
				GCC_WARN_UNINITIALIZED_AUTOS = YES_AGGRESSIVE;
				GCC_WARN_UNUSED_FUNCTION = YES;
				GCC_WARN_UNUSED_VARIABLE = YES;
				IPHONEOS_DEPLOYMENT_TARGET = 13.0;
				MTL_ENABLE_DEBUG_INFO = NO;
				MTL_FAST_MATH = YES;
				SDKROOT = iphoneos;
				SWIFT_COMPILATION_MODE = wholemodule;
				SWIFT_OPTIMIZATION_LEVEL = "-O";
				VALIDATE_PRODUCT = YES;
			};
			name = Staging;
		};
		DE822B4C2816F174000DDF86 /* Staging */ = {
			isa = XCBuildConfiguration;
			buildSettings = {
				ASSETCATALOG_COMPILER_APPICON_NAME = AppIcon;
				ASSETCATALOG_COMPILER_GLOBAL_ACCENT_COLOR_NAME = AccentColor;
				CODE_SIGN_STYLE = Automatic;
				CURRENT_PROJECT_VERSION = 1;
				DEVELOPMENT_TEAM = 5NDD3U2V39;
				GENERATE_INFOPLIST_FILE = YES;
				INFOPLIST_FILE = Template/Info.plist;
				INFOPLIST_KEY_UIApplicationSupportsIndirectInputEvents = YES;
				INFOPLIST_KEY_UILaunchStoryboardName = LaunchScreen;
				INFOPLIST_KEY_UISupportedInterfaceOrientations_iPad = "UIInterfaceOrientationPortrait UIInterfaceOrientationPortraitUpsideDown UIInterfaceOrientationLandscapeLeft UIInterfaceOrientationLandscapeRight";
				INFOPLIST_KEY_UISupportedInterfaceOrientations_iPhone = "UIInterfaceOrientationPortrait UIInterfaceOrientationLandscapeLeft UIInterfaceOrientationLandscapeRight";
				IPHONEOS_DEPLOYMENT_TARGET = 14.0;
				LD_RUNPATH_SEARCH_PATHS = (
					"$(inherited)",
					"@executable_path/Frameworks",
				);
				MARKETING_VERSION = 1.0;
				PRODUCT_BUNDLE_IDENTIFIER = xyz.example.Template;
				PRODUCT_NAME = "$(TARGET_NAME)";
				SUPPORTED_PLATFORMS = "iphoneos iphonesimulator";
				SUPPORTS_MACCATALYST = NO;
				SUPPORTS_MAC_DESIGNED_FOR_IPHONE_IPAD = NO;
				SWIFT_ACTIVE_COMPILATION_CONDITIONS = DEBUG;
				SWIFT_EMIT_LOC_STRINGS = YES;
				SWIFT_VERSION = 5.0;
				TARGETED_DEVICE_FAMILY = 1;
			};
			name = Staging;
		};
		DE822B4D2816F182000DDF86 /* Develop */ = {
			isa = XCBuildConfiguration;
			baseConfigurationReference = DE822B832816FBE3000DDF86 /* Develop.xcconfig */;
			buildSettings = {
				ALWAYS_SEARCH_USER_PATHS = NO;
				CLANG_ANALYZER_NONNULL = YES;
				CLANG_ANALYZER_NUMBER_OBJECT_CONVERSION = YES_AGGRESSIVE;
				CLANG_CXX_LANGUAGE_STANDARD = "gnu++17";
				CLANG_ENABLE_MODULES = YES;
				CLANG_ENABLE_OBJC_ARC = YES;
				CLANG_ENABLE_OBJC_WEAK = YES;
				CLANG_WARN_BLOCK_CAPTURE_AUTORELEASING = YES;
				CLANG_WARN_BOOL_CONVERSION = YES;
				CLANG_WARN_COMMA = YES;
				CLANG_WARN_CONSTANT_CONVERSION = YES;
				CLANG_WARN_DEPRECATED_OBJC_IMPLEMENTATIONS = YES;
				CLANG_WARN_DIRECT_OBJC_ISA_USAGE = YES_ERROR;
				CLANG_WARN_DOCUMENTATION_COMMENTS = YES;
				CLANG_WARN_EMPTY_BODY = YES;
				CLANG_WARN_ENUM_CONVERSION = YES;
				CLANG_WARN_INFINITE_RECURSION = YES;
				CLANG_WARN_INT_CONVERSION = YES;
				CLANG_WARN_NON_LITERAL_NULL_CONVERSION = YES;
				CLANG_WARN_OBJC_IMPLICIT_RETAIN_SELF = YES;
				CLANG_WARN_OBJC_LITERAL_CONVERSION = YES;
				CLANG_WARN_OBJC_ROOT_CLASS = YES_ERROR;
				CLANG_WARN_QUOTED_INCLUDE_IN_FRAMEWORK_HEADER = YES;
				CLANG_WARN_RANGE_LOOP_ANALYSIS = YES;
				CLANG_WARN_STRICT_PROTOTYPES = YES;
				CLANG_WARN_SUSPICIOUS_MOVE = YES;
				CLANG_WARN_UNGUARDED_AVAILABILITY = YES_AGGRESSIVE;
				CLANG_WARN_UNREACHABLE_CODE = YES;
				CLANG_WARN__DUPLICATE_METHOD_MATCH = YES;
				COPY_PHASE_STRIP = NO;
				DEBUG_INFORMATION_FORMAT = dwarf;
				ENABLE_STRICT_OBJC_MSGSEND = YES;
				ENABLE_TESTABILITY = YES;
				GCC_C_LANGUAGE_STANDARD = gnu11;
				GCC_DYNAMIC_NO_PIC = NO;
				GCC_NO_COMMON_BLOCKS = YES;
				GCC_OPTIMIZATION_LEVEL = 0;
				GCC_PREPROCESSOR_DEFINITIONS = (
					"DEBUG=1",
					"$(inherited)",
				);
				GCC_WARN_64_TO_32_BIT_CONVERSION = YES;
				GCC_WARN_ABOUT_RETURN_TYPE = YES_ERROR;
				GCC_WARN_UNDECLARED_SELECTOR = YES;
				GCC_WARN_UNINITIALIZED_AUTOS = YES_AGGRESSIVE;
				GCC_WARN_UNUSED_FUNCTION = YES;
				GCC_WARN_UNUSED_VARIABLE = YES;
				IPHONEOS_DEPLOYMENT_TARGET = 13.0;
				MTL_ENABLE_DEBUG_INFO = INCLUDE_SOURCE;
				MTL_FAST_MATH = YES;
				ONLY_ACTIVE_ARCH = YES;
				SDKROOT = iphoneos;
				SWIFT_ACTIVE_COMPILATION_CONDITIONS = DEBUG;
				SWIFT_OPTIMIZATION_LEVEL = "-Onone";
			};
			name = Develop;
		};
		DE822B4E2816F182000DDF86 /* Develop */ = {
			isa = XCBuildConfiguration;
			buildSettings = {
				ASSETCATALOG_COMPILER_APPICON_NAME = AppIcon;
				ASSETCATALOG_COMPILER_GLOBAL_ACCENT_COLOR_NAME = AccentColor;
				CODE_SIGN_STYLE = Automatic;
				CURRENT_PROJECT_VERSION = 1;
				DEVELOPMENT_TEAM = 5NDD3U2V39;
				GENERATE_INFOPLIST_FILE = YES;
				INFOPLIST_FILE = Template/Info.plist;
				INFOPLIST_KEY_UIApplicationSupportsIndirectInputEvents = YES;
				INFOPLIST_KEY_UILaunchStoryboardName = LaunchScreen;
				INFOPLIST_KEY_UISupportedInterfaceOrientations_iPad = "UIInterfaceOrientationPortrait UIInterfaceOrientationPortraitUpsideDown UIInterfaceOrientationLandscapeLeft UIInterfaceOrientationLandscapeRight";
				INFOPLIST_KEY_UISupportedInterfaceOrientations_iPhone = "UIInterfaceOrientationPortrait UIInterfaceOrientationLandscapeLeft UIInterfaceOrientationLandscapeRight";
				IPHONEOS_DEPLOYMENT_TARGET = 14.0;
				LD_RUNPATH_SEARCH_PATHS = (
					"$(inherited)",
					"@executable_path/Frameworks",
				);
				MARKETING_VERSION = 1.0;
				PRODUCT_BUNDLE_IDENTIFIER = xyz.example.Template;
				PRODUCT_NAME = "$(TARGET_NAME)";
				SUPPORTED_PLATFORMS = "iphoneos iphonesimulator";
				SUPPORTS_MACCATALYST = NO;
				SUPPORTS_MAC_DESIGNED_FOR_IPHONE_IPAD = NO;
				SWIFT_EMIT_LOC_STRINGS = YES;
				SWIFT_VERSION = 5.0;
				TARGETED_DEVICE_FAMILY = 1;
			};
			name = Develop;
		};
/* End XCBuildConfiguration section */

/* Begin XCConfigurationList section */
		DE1836B72812F45C002F8A35 /* Build configuration list for PBXProject "Template" */ = {
			isa = XCConfigurationList;
			buildConfigurations = (
				DE822B4D2816F182000DDF86 /* Develop */,
				DE822B4B2816F174000DDF86 /* Staging */,
				DE822B492816F158000DDF86 /* AppStore */,
			);
			defaultConfigurationIsVisible = 0;
			defaultConfigurationName = Develop;
		};
		DE1836D02812F45D002F8A35 /* Build configuration list for PBXNativeTarget "Template" */ = {
			isa = XCConfigurationList;
			buildConfigurations = (
				DE822B4E2816F182000DDF86 /* Develop */,
				DE822B4C2816F174000DDF86 /* Staging */,
				DE822B4A2816F158000DDF86 /* AppStore */,
			);
			defaultConfigurationIsVisible = 0;
			defaultConfigurationName = Develop;
		};
/* End XCConfigurationList section */

/* Begin XCRemoteSwiftPackageReference section */
		DE3CDC212836DC560071F4D4 /* XCRemoteSwiftPackageReference "Nuke" */ = {
			isa = XCRemoteSwiftPackageReference;
			repositoryURL = "https://github.com/kean/Nuke.git";
			requirement = {
				kind = upToNextMajorVersion;
				minimumVersion = 9.0.0;
			};
		};
		DE755B1D28358D4E00210B9B /* XCRemoteSwiftPackageReference "ObjectMapper" */ = {
			isa = XCRemoteSwiftPackageReference;
			repositoryURL = "https://github.com/tristanhimmelman/ObjectMapper.git";
			requirement = {
				branch = master;
				kind = branch;
			};
		};
		E0A5181B2A5EFF390065CC53 /* XCRemoteSwiftPackageReference "core" */ = {
			isa = XCRemoteSwiftPackageReference;
			repositoryURL = "https://github.com/lamnguyen1112/core.git";
			requirement = {
				branch = main;
				kind = branch;
			};
		};
		E0A518242A5F065D0065CC53 /* XCRemoteSwiftPackageReference "OHHTTPStubs" */ = {
			isa = XCRemoteSwiftPackageReference;
			repositoryURL = "https://github.com/AliSoftware/OHHTTPStubs.git";
			requirement = {
				kind = upToNextMajorVersion;
				minimumVersion = 9.0.0;
			};
		};
		E0A5182B2A5F07530065CC53 /* XCRemoteSwiftPackageReference "atlantis" */ = {
			isa = XCRemoteSwiftPackageReference;
			repositoryURL = "https://github.com/ProxymanApp/atlantis";
			requirement = {
				kind = upToNextMajorVersion;
				minimumVersion = 1.0.0;
			};
		};
		E0A5182E2A5F08290065CC53 /* XCRemoteSwiftPackageReference "SnapKit" */ = {
			isa = XCRemoteSwiftPackageReference;
			repositoryURL = "https://github.com/SnapKit/SnapKit.git";
			requirement = {
				kind = upToNextMajorVersion;
				minimumVersion = 5.0.0;
			};
		};
		E0A74E512A5E9E5700C91578 /* XCRemoteSwiftPackageReference "PluggableAppDelegate" */ = {
			isa = XCRemoteSwiftPackageReference;
			repositoryURL = "https://github.com/pchelnikov/PluggableAppDelegate";
			requirement = {
				branch = master;
				kind = branch;
			};
		};
		E0C5E5BE2A5E646F002E1BE1 /* XCRemoteSwiftPackageReference "SwiftEntryKit" */ = {
			isa = XCRemoteSwiftPackageReference;
			repositoryURL = "https://github.com/huri000/SwiftEntryKit.git";
			requirement = {
				kind = exactVersion;
				version = 2.0.0;
			};
		};
		E0C5E5C12A5E64EC002E1BE1 /* XCRemoteSwiftPackageReference "Moya" */ = {
			isa = XCRemoteSwiftPackageReference;
			repositoryURL = "https://github.com/Moya/Moya.git";
			requirement = {
				kind = exactVersion;
				version = 15.0.3;
			};
		};
		E0C5E5C62A5E655E002E1BE1 /* XCRemoteSwiftPackageReference "SideMenu" */ = {
			isa = XCRemoteSwiftPackageReference;
			repositoryURL = "https://github.com/kukushi/SideMenu.git";
			requirement = {
				kind = exactVersion;
				version = 2.0.9;
			};
		};
		E0CBFFAC2A5F87040095718A /* XCRemoteSwiftPackageReference "SwiftLint" */ = {
			isa = XCRemoteSwiftPackageReference;
			repositoryURL = "https://github.com/realm/SwiftLint.git";
			requirement = {
				kind = exactVersion;
				version = 0.52.4;
			};
		};
/* End XCRemoteSwiftPackageReference section */

/* Begin XCSwiftPackageProductDependency section */
		DE3CDC222836DC560071F4D4 /* Nuke */ = {
			isa = XCSwiftPackageProductDependency;
			package = DE3CDC212836DC560071F4D4 /* XCRemoteSwiftPackageReference "Nuke" */;
			productName = Nuke;
		};
		DE755B1E28358D4E00210B9B /* ObjectMapper */ = {
			isa = XCSwiftPackageProductDependency;
			package = DE755B1D28358D4E00210B9B /* XCRemoteSwiftPackageReference "ObjectMapper" */;
			productName = ObjectMapper;
		};
		E0A5181C2A5EFF390065CC53 /* core */ = {
			isa = XCSwiftPackageProductDependency;
			package = E0A5181B2A5EFF390065CC53 /* XCRemoteSwiftPackageReference "core" */;
			productName = core;
		};
		E0A518252A5F065D0065CC53 /* OHHTTPStubs */ = {
			isa = XCSwiftPackageProductDependency;
			package = E0A518242A5F065D0065CC53 /* XCRemoteSwiftPackageReference "OHHTTPStubs" */;
			productName = OHHTTPStubs;
		};
		E0A518272A5F065D0065CC53 /* OHHTTPStubsSwift */ = {
			isa = XCSwiftPackageProductDependency;
			package = E0A518242A5F065D0065CC53 /* XCRemoteSwiftPackageReference "OHHTTPStubs" */;
			productName = OHHTTPStubsSwift;
		};
		E0A5182C2A5F07530065CC53 /* Atlantis */ = {
			isa = XCSwiftPackageProductDependency;
			package = E0A5182B2A5F07530065CC53 /* XCRemoteSwiftPackageReference "atlantis" */;
			productName = Atlantis;
		};
		E0A5182F2A5F08290065CC53 /* SnapKit */ = {
			isa = XCSwiftPackageProductDependency;
			package = E0A5182E2A5F08290065CC53 /* XCRemoteSwiftPackageReference "SnapKit" */;
			productName = SnapKit;
		};
		E0A74E522A5E9E5700C91578 /* PluggableAppDelegate */ = {
			isa = XCSwiftPackageProductDependency;
			package = E0A74E512A5E9E5700C91578 /* XCRemoteSwiftPackageReference "PluggableAppDelegate" */;
			productName = PluggableAppDelegate;
		};
		E0C5E5BF2A5E646F002E1BE1 /* SwiftEntryKit */ = {
			isa = XCSwiftPackageProductDependency;
			package = E0C5E5BE2A5E646F002E1BE1 /* XCRemoteSwiftPackageReference "SwiftEntryKit" */;
			productName = SwiftEntryKit;
		};
		E0C5E5C22A5E64EC002E1BE1 /* CombineMoya */ = {
			isa = XCSwiftPackageProductDependency;
			package = E0C5E5C12A5E64EC002E1BE1 /* XCRemoteSwiftPackageReference "Moya" */;
			productName = CombineMoya;
		};
		E0C5E5C42A5E64EC002E1BE1 /* Moya */ = {
			isa = XCSwiftPackageProductDependency;
			package = E0C5E5C12A5E64EC002E1BE1 /* XCRemoteSwiftPackageReference "Moya" */;
			productName = Moya;
		};
		E0C5E5C72A5E655E002E1BE1 /* SideMenu */ = {
			isa = XCSwiftPackageProductDependency;
			package = E0C5E5C62A5E655E002E1BE1 /* XCRemoteSwiftPackageReference "SideMenu" */;
			productName = SideMenu;
		};
/* End XCSwiftPackageProductDependency section */
	};
	rootObject = DE1836B42812F45C002F8A35 /* Project object */;
}
